
Microsoft Visual Studio Solution File, Format Version 12.00
# Visual Studio Version 16
VisualStudioVersion = 16.0.30002.166
MinimumVisualStudioVersion = 10.0.40219.1
Project("{FAE04EC0-301F-11D3-BF4B-00C04F79EFBC}") = "NewSubnautica", "NewSubnautica.csproj", "{ACD740AE-ACBF-47FE-A7B4-2D6D63F8B50E}"
EndProject
Global
	GlobalSection(SolutionConfigurationPlatforms) = preSolution
		Debug|Any CPU = Debug|Any CPU
		Release|Any CPU = Release|Any CPU
	EndGlobalSection
	GlobalSection(ProjectConfigurationPlatforms) = postSolution
		{ACD740AE-ACBF-47FE-A7B4-2D6D63F8B50E}.Debug|Any CPU.ActiveCfg = Debug|Any CPU
		{ACD740AE-ACBF-47FE-A7B4-2D6D63F8B50E}.Debug|Any CPU.Build.0 = Debug|Any CPU
		{ACD740AE-ACBF-47FE-A7B4-2D6D63F8B50E}.Release|Any CPU.ActiveCfg = Release|Any CPU
		{ACD740AE-ACBF-47FE-A7B4-2D6D63F8B50E}.Release|Any CPU.Build.0 = Release|Any CPU
	EndGlobalSection
	GlobalSection(SolutionProperties) = preSolution
		HideSolutionNode = FALSE
	EndGlobalSection
	GlobalSection(ExtensibilityGlobals) = postSolution
		SolutionGuid = {148C7F32-FFE1-4F7B-A2DD-79F7B4B0C750}
	EndGlobalSection
EndGlobal
